
Microsoft Visual Studio Solution File, Format Version 12.00
# Visual Studio Version 16
VisualStudioVersion = 16.0.30523.141
MinimumVisualStudioVersion = 10.0.40219.1
Project("{FAE04EC0-301F-11D3-BF4B-00C04F79EFBC}") = "NetworksApplication", "NetworksApplication\NetworksApplication.csproj", "{F408E15A-A505-4FB1-90FF-156EB10475EA}"
EndProject
Global
	GlobalSection(SolutionConfigurationPlatforms) = preSolution
		Debug|Any CPU = Debug|Any CPU
		Release|Any CPU = Release|Any CPU
	EndGlobalSection
	GlobalSection(ProjectConfigurationPlatforms) = postSolution
		{F408E15A-A505-4FB1-90FF-156EB10475EA}.Debug|Any CPU.ActiveCfg = Debug|Any CPU
		{F408E15A-A505-4FB1-90FF-156EB10475EA}.Debug|Any CPU.Build.0 = Debug|Any CPU
		{F408E15A-A505-4FB1-90FF-156EB10475EA}.Release|Any CPU.ActiveCfg = Release|Any CPU
		{F408E15A-A505-4FB1-90FF-156EB10475EA}.Release|Any CPU.Build.0 = Release|Any CPU
	EndGlobalSection
	GlobalSection(SolutionProperties) = preSolution
		HideSolutionNode = FALSE
	EndGlobalSection
	GlobalSection(ExtensibilityGlobals) = postSolution
		SolutionGuid = {88DD0E6F-7A63-4085-ABBE-076874BDC04D}
	EndGlobalSection
EndGlobal
